
Microsoft Visual Studio Solution File, Format Version 12.00
# Visual Studio Version 16
VisualStudioVersion = 16.0.29403.142
MinimumVisualStudioVersion = 10.0.40219.1
Project("{FAE04EC0-301F-11D3-BF4B-00C04F79EFBC}") = "AfiliateAPIConsumeJob", "AfiliateAPIConsumeJob\AfiliateAPIConsumeJob.csproj", "{8D293395-16FD-4DCF-BAB2-C164F2FEF96F}"
EndProject
Project("{FAE04EC0-301F-11D3-BF4B-00C04F79EFBC}") = "AMA.DataLayer", "AMA.DataLayer\AMA.DataLayer.csproj", "{A3026238-6DA6-472A-ADB2-8B9388734107}"
EndProject
Project("{FAE04EC0-301F-11D3-BF4B-00C04F79EFBC}") = "AMA.BusinessLayer", "AMA.BusinessLayer\AMA.BusinessLayer.csproj", "{B589D629-7C7E-46FE-BDCE-E51C4C89F3DD}"
EndProject
Global
	GlobalSection(SolutionConfigurationPlatforms) = preSolution
		Debug|Any CPU = Debug|Any CPU
		Release|Any CPU = Release|Any CPU
	EndGlobalSection
	GlobalSection(ProjectConfigurationPlatforms) = postSolution
		{8D293395-16FD-4DCF-BAB2-C164F2FEF96F}.Debug|Any CPU.ActiveCfg = Debug|Any CPU
		{8D293395-16FD-4DCF-BAB2-C164F2FEF96F}.Debug|Any CPU.Build.0 = Debug|Any CPU
		{8D293395-16FD-4DCF-BAB2-C164F2FEF96F}.Release|Any CPU.ActiveCfg = Release|Any CPU
		{8D293395-16FD-4DCF-BAB2-C164F2FEF96F}.Release|Any CPU.Build.0 = Release|Any CPU
		{A3026238-6DA6-472A-ADB2-8B9388734107}.Debug|Any CPU.ActiveCfg = Debug|Any CPU
		{A3026238-6DA6-472A-ADB2-8B9388734107}.Debug|Any CPU.Build.0 = Debug|Any CPU
		{A3026238-6DA6-472A-ADB2-8B9388734107}.Release|Any CPU.ActiveCfg = Release|Any CPU
		{A3026238-6DA6-472A-ADB2-8B9388734107}.Release|Any CPU.Build.0 = Release|Any CPU
		{B589D629-7C7E-46FE-BDCE-E51C4C89F3DD}.Debug|Any CPU.ActiveCfg = Debug|Any CPU
		{B589D629-7C7E-46FE-BDCE-E51C4C89F3DD}.Debug|Any CPU.Build.0 = Debug|Any CPU
		{B589D629-7C7E-46FE-BDCE-E51C4C89F3DD}.Release|Any CPU.ActiveCfg = Release|Any CPU
		{B589D629-7C7E-46FE-BDCE-E51C4C89F3DD}.Release|Any CPU.Build.0 = Release|Any CPU
	EndGlobalSection
	GlobalSection(SolutionProperties) = preSolution
		HideSolutionNode = FALSE
	EndGlobalSection
	GlobalSection(ExtensibilityGlobals) = postSolution
		SolutionGuid = {F62270ED-AAF1-44FE-A338-1800B1ACF75E}
	EndGlobalSection
EndGlobal
